
Microsoft Visual Studio Solution File, Format Version 12.00
# Visual Studio Version 17
VisualStudioVersion = 17.11.35125.118
MinimumVisualStudioVersion = 10.0.40219.1
Project("{9A19103F-16F7-4668-BE54-9A1E7A4F7556}") = "Project2_SimpleProxy", "Project2_SimpleProxy\Project2_SimpleProxy.csproj", "{38E4E031-9FCF-475D-A671-22BD882B4E0B}"
EndProject
Project("{2150E333-8FDC-42A3-9474-1A3956D46DE8}") = "Solution Items", "Solution Items", "{84BA98DB-7D37-41BF-95F5-04D09BF11000}"
EndProject
Global
	GlobalSection(SolutionConfigurationPlatforms) = preSolution
		Debug|Any CPU = Debug|Any CPU
		Release|Any CPU = Release|Any CPU
	EndGlobalSection
	GlobalSection(ProjectConfigurationPlatforms) = postSolution
		{38E4E031-9FCF-475D-A671-22BD882B4E0B}.Debug|Any CPU.ActiveCfg = Debug|Any CPU
		{38E4E031-9FCF-475D-A671-22BD882B4E0B}.Debug|Any CPU.Build.0 = Debug|Any CPU
		{38E4E031-9FCF-475D-A671-22BD882B4E0B}.Release|Any CPU.ActiveCfg = Release|Any CPU
		{38E4E031-9FCF-475D-A671-22BD882B4E0B}.Release|Any CPU.Build.0 = Release|Any CPU
	EndGlobalSection
	GlobalSection(SolutionProperties) = preSolution
		HideSolutionNode = FALSE
	EndGlobalSection
	GlobalSection(ExtensibilityGlobals) = postSolution
		SolutionGuid = {31940911-DCCE-4D72-90FD-8721BE014136}
	EndGlobalSection
EndGlobal
